
Microsoft Visual Studio Solution File, Format Version 12.00
# Visual Studio Version 17
VisualStudioVersion = 17.14.36414.22 d17.14
MinimumVisualStudioVersion = 10.0.40219.1
Project("{888888A0-9F3D-457C-B088-3A5042F75D52}") = "QrApp", "QrApp\QrApp.pyproj", "{C9A76EAD-0E95-4198-B8A7-45A2E6BBA967}"
EndProject
Global
	GlobalSection(SolutionConfigurationPlatforms) = preSolution
		Debug|Any CPU = Debug|Any CPU
		Release|Any CPU = Release|Any CPU
	EndGlobalSection
	GlobalSection(ProjectConfigurationPlatforms) = postSolution
		{C9A76EAD-0E95-4198-B8A7-45A2E6BBA967}.Debug|Any CPU.ActiveCfg = Debug|Any CPU
		{C9A76EAD-0E95-4198-B8A7-45A2E6BBA967}.Release|Any CPU.ActiveCfg = Release|Any CPU
	EndGlobalSection
	GlobalSection(SolutionProperties) = preSolution
		HideSolutionNode = FALSE
	EndGlobalSection
	GlobalSection(ExtensibilityGlobals) = postSolution
		SolutionGuid = {7FE68E67-D2C2-4FF9-936C-1841A773C6E1}
	EndGlobalSection
EndGlobal
